// !$*UTF8*$!
{
	archiveVersion = 1;
	classes = {
	};
	objectVersion = 46;
	objects = {

/* Begin PBXBuildFile section */
		37A74FAF1DABD959005CA9A4 /* main.swift in Sources */ = {isa = PBXBuildFile; fileRef = 37A74FAE1DABD959005CA9A4 /* main.swift */; };
		37A74FB61DABDB6F005CA9A4 /* interactive.swift in Sources */ = {isa = PBXBuildFile; fileRef = 37A74FB51DABDB6F005CA9A4 /* interactive.swift */; };
		37A74FB81DABE582005CA9A4 /* io.swift in Sources */ = {isa = PBXBuildFile; fileRef = 37A74FB71DABE582005CA9A4 /* io.swift */; };
/* End PBXBuildFile section */

/* Begin PBXCopyFilesBuildPhase section */
		37A74FA91DABD959005CA9A4 /* CopyFiles */ = {
			isa = PBXCopyFilesBuildPhase;
			buildActionMask = 2147483647;
			dstPath = /usr/share/man/man1/;
			dstSubfolderSpec = 0;
			files = (
			);
			runOnlyForDeploymentPostprocessing = 1;
		};
/* End PBXCopyFilesBuildPhase section */

/* Begin PBXFileReference section */
		37A74FAB1DABD959005CA9A4 /* CommandLineBase-clm */ = {isa = PBXFileReference; explicitFileType = "compiled.mach-o.executable"; includeInIndex = 0; path = "CommandLineBase-clm"; sourceTree = BUILT_PRODUCTS_DIR; };
		37A74FAE1DABD959005CA9A4 /* main.swift */ = {isa = PBXFileReference; lastKnownFileType = sourcecode.swift; path = main.swift; sourceTree = "<group>"; };
		37A74FB51DABDB6F005CA9A4 /* interactive.swift */ = {isa = PBXFileReference; fileEncoding = 4; lastKnownFileType = sourcecode.swift; path = interactive.swift; sourceTree = "<group>"; };
		37A74FB71DABE582005CA9A4 /* io.swift */ = {isa = PBXFileReference; fileEncoding = 4; lastKnownFileType = sourcecode.swift; path = io.swift; sourceTree = "<group>"; };
/* End PBXFileReference section */

/* Begin PBXFrameworksBuildPhase section */
		37A74FA81DABD959005CA9A4 /* Frameworks */ = {
			isa = PBXFrameworksBuildPhase;
			buildActionMask = 2147483647;
			files = (
			);
			runOnlyForDeploymentPostprocessing = 0;
		};
/* End PBXFrameworksBuildPhase section */

/* Begin PBXGroup section */
		37A74FA21DABD959005CA9A4 = {
			isa = PBXGroup;
			children = (
				37A74FAD1DABD959005CA9A4 /* CommandLineBase-clm */,
				37A74FAC1DABD959005CA9A4 /* Products */,
			);
			sourceTree = "<group>";
		};
		37A74FAC1DABD959005CA9A4 /* Products */ = {
			isa = PBXGroup;
			children = (
				37A74FAB1DABD959005CA9A4 /* CommandLineBase-clm */,
			);
			name = Products;
			sourceTree = "<group>";
		};
		37A74FAD1DABD959005CA9A4 /* CommandLineBase-clm */ = {
			isa = PBXGroup;
			children = (
				37A74FAE1DABD959005CA9A4 /* main.swift */,
				37A74FB51DABDB6F005CA9A4 /* interactive.swift */,
				37A74FB71DABE582005CA9A4 /* io.swift */,
			);
			path = "CommandLineBase-clm";
			sourceTree = "<group>";
		};
/* End PBXGroup section */

/* Begin PBXNativeTarget section */
		37A74FAA1DABD959005CA9A4 /* CommandLineBase-clm */ = {
			isa = PBXNativeTarget;
			buildConfigurationList = 37A74FB21DABD959005CA9A4 /* Build configuration list for PBXNativeTarget "CommandLineBase-clm" */;
			buildPhases = (
				37A74FA71DABD959005CA9A4 /* Sources */,
				37A74FA81DABD959005CA9A4 /* Frameworks */,
				37A74FA91DABD959005CA9A4 /* CopyFiles */,
			);
			buildRules = (
			);
			dependencies = (
			);
			name = "CommandLineBase-clm";
			productName = "CommandLineBase-clm";
			productReference = 37A74FAB1DABD959005CA9A4 /* CommandLineBase-clm */;
			productType = "com.apple.product-type.tool";
		};
/* End PBXNativeTarget section */

/* Begin PBXProject section */
		37A74FA31DABD959005CA9A4 /* Project object */ = {
			isa = PBXProject;
			attributes = {
				LastSwiftUpdateCheck = 0800;
				LastUpgradeCheck = 0800;
				ORGANIZATIONNAME = Interapt;
				TargetAttributes = {
					37A74FAA1DABD959005CA9A4 = {
						CreatedOnToolsVersion = 8.0;
						DevelopmentTeam = 48ENY7W9MQ;
						ProvisioningStyle = Automatic;
					};
				};
			};
			buildConfigurationList = 37A74FA61DABD959005CA9A4 /* Build configuration list for PBXProject "CommandLineBase-clm" */;
			compatibilityVersion = "Xcode 3.2";
			developmentRegion = English;
			hasScannedForEncodings = 0;
			knownRegions = (
				en,
			);
			mainGroup = 37A74FA21DABD959005CA9A4;
			productRefGroup = 37A74FAC1DABD959005CA9A4 /* Products */;
			projectDirPath = "";
			projectRoot = "";
			targets = (
				37A74FAA1DABD959005CA9A4 /* CommandLineBase-clm */,
			);
		};
/* End PBXProject section */

/* Begin PBXSourcesBuildPhase section */
		37A74FA71DABD959005CA9A4 /* Sources */ = {
			isa = PBXSourcesBuildPhase;
			buildActionMask = 2147483647;
			files = (
				37A74FB61DABDB6F005CA9A4 /* interactive.swift in Sources */,
				37A74FB81DABE582005CA9A4 /* io.swift in Sources */,
				37A74FAF1DABD959005CA9A4 /* main.swift in Sources */,
			);
			runOnlyForDeploymentPostprocessing = 0;
		};
/* End PBXSourcesBuildPhase section */

/* Begin XCBuildConfiguration section */
		37A74FB01DABD959005CA9A4 /* Debug */ = {
			isa = XCBuildConfiguration;
			buildSettings = {
				ALWAYS_SEARCH_USER_PATHS = NO;
				CLANG_ANALYZER_NONNULL = YES;
				CLANG_CXX_LANGUAGE_STANDARD = "gnu++0x";
				CLANG_CXX_LIBRARY = "libc++";
				CLANG_ENABLE_MODULES = YES;
				CLANG_ENABLE_OBJC_ARC = YES;
				CLANG_WARN_BOOL_CONVERSION = YES;
				CLANG_WARN_CONSTANT_CONVERSION = YES;
				CLANG_WARN_DIRECT_OBJC_ISA_USAGE = YES_ERROR;
				CLANG_WARN_DOCUMENTATION_COMMENTS = YES;
				CLANG_WARN_EMPTY_BODY = YES;
				CLANG_WARN_ENUM_CONVERSION = YES;
				CLANG_WARN_INFINITE_RECURSION = YES;
				CLANG_WARN_INT_CONVERSION = YES;
				CLANG_WARN_OBJC_ROOT_CLASS = YES_ERROR;
				CLANG_WARN_SUSPICIOUS_MOVES = YES;
				CLANG_WARN_UNREACHABLE_CODE = YES;
				CLANG_WARN__DUPLICATE_METHOD_MATCH = YES;
				CODE_SIGN_IDENTITY = "-";
				COPY_PHASE_STRIP = NO;
				DEBUG_INFORMATION_FORMAT = dwarf;
				ENABLE_STRICT_OBJC_MSGSEND = YES;
				ENABLE_TESTABILITY = YES;
				GCC_C_LANGUAGE_STANDARD = gnu99;
				GCC_DYNAMIC_NO_PIC = NO;
				GCC_NO_COMMON_BLOCKS = YES;
				GCC_OPTIMIZATION_LEVEL = 0;
				GCC_PREPROCESSOR_DEFINITIONS = (
					"DEBUG=1",
					"$(inherited)",
				);
				GCC_WARN_64_TO_32_BIT_CONVERSION = YES;
				GCC_WARN_ABOUT_RETURN_TYPE = YES_ERROR;
				GCC_WARN_UNDECLARED_SELECTOR = YES;
				GCC_WARN_UNINITIALIZED_AUTOS = YES_AGGRESSIVE;
				GCC_WARN_UNUSED_FUNCTION = YES;
				GCC_WARN_UNUSED_VARIABLE = YES;
				MACOSX_DEPLOYMENT_TARGET = 10.11;
				MTL_ENABLE_DEBUG_INFO = YES;
				ONLY_ACTIVE_ARCH = YES;
				SDKROOT = macosx;
				SWIFT_OPTIMIZATION_LEVEL = "-Onone";
			};
			name = Debug;
		};
		37A74FB11DABD959005CA9A4 /* Release */ = {
			isa = XCBuildConfiguration;
			buildSettings = {
				ALWAYS_SEARCH_USER_PATHS = NO;
				CLANG_ANALYZER_NONNULL = YES;
				CLANG_CXX_LANGUAGE_STANDARD = "gnu++0x";
				CLANG_CXX_LIBRARY = "libc++";
				CLANG_ENABLE_MODULES = YES;
				CLANG_ENABLE_OBJC_ARC = YES;
				CLANG_WARN_BOOL_CONVERSION = YES;
				CLANG_WARN_CONSTANT_CONVERSION = YES;
				CLANG_WARN_DIRECT_OBJC_ISA_USAGE = YES_ERROR;
				CLANG_WARN_DOCUMENTATION_COMMENTS = YES;
				CLANG_WARN_EMPTY_BODY = YES;
				CLANG_WARN_ENUM_CONVERSION = YES;
				CLANG_WARN_INFINITE_RECURSION = YES;
				CLANG_WARN_INT_CONVERSION = YES;
				CLANG_WARN_OBJC_ROOT_CLASS = YES_ERROR;
				CLANG_WARN_SUSPICIOUS_MOVES = YES;
				CLANG_WARN_UNREACHABLE_CODE = YES;
				CLANG_WARN__DUPLICATE_METHOD_MATCH = YES;
				CODE_SIGN_IDENTITY = "-";
				COPY_PHASE_STRIP = NO;
				DEBUG_INFORMATION_FORMAT = "dwarf-with-dsym";
				ENABLE_NS_ASSERTIONS = NO;
				ENABLE_STRICT_OBJC_MSGSEND = YES;
				GCC_C_LANGUAGE_STANDARD = gnu99;
				GCC_NO_COMMON_BLOCKS = YES;
				GCC_WARN_64_TO_32_BIT_CONVERSION = YES;
				GCC_WARN_ABOUT_RETURN_TYPE = YES_ERROR;
				GCC_WARN_UNDECLARED_SELECTOR = YES;
				GCC_WARN_UNINITIALIZED_AUTOS = YES_AGGRESSIVE;
				GCC_WARN_UNUSED_FUNCTION = YES;
				GCC_WARN_UNUSED_VARIABLE = YES;
				MACOSX_DEPLOYMENT_TARGET = 10.11;
				MTL_ENABLE_DEBUG_INFO = NO;
				SDKROOT = macosx;
			};
			name = Release;
		};
		37A74FB31DABD959005CA9A4 /* Debug */ = {
			isa = XCBuildConfiguration;
			buildSettings = {
				DEVELOPMENT_TEAM = 48ENY7W9MQ;
				PRODUCT_NAME = "$(TARGET_NAME)";
				SWIFT_VERSION = 3.0;
			};
			name = Debug;
		};
		37A74FB41DABD959005CA9A4 /* Release */ = {
			isa = XCBuildConfiguration;
			buildSettings = {
				DEVELOPMENT_TEAM = 48ENY7W9MQ;
				PRODUCT_NAME = "$(TARGET_NAME)";
				SWIFT_VERSION = 3.0;
			};
			name = Release;
		};
/* End XCBuildConfiguration section */

/* Begin XCConfigurationList section */
		37A74FA61DABD959005CA9A4 /* Build configuration list for PBXProject "CommandLineBase-clm" */ = {
			isa = XCConfigurationList;
			buildConfigurations = (
				37A74FB01DABD959005CA9A4 /* Debug */,
				37A74FB11DABD959005CA9A4 /* Release */,
			);
			defaultConfigurationIsVisible = 0;
			defaultConfigurationName = Release;
		};
		37A74FB21DABD959005CA9A4 /* Build configuration list for PBXNativeTarget "CommandLineBase-clm" */ = {
			isa = XCConfigurationList;
			buildConfigurations = (
				37A74FB31DABD959005CA9A4 /* Debug */,
				37A74FB41DABD959005CA9A4 /* Release */,
			);
			defaultConfigurationIsVisible = 0;
		};
/* End XCConfigurationList section */
	};
	rootObject = 37A74FA31DABD959005CA9A4 /* Project object */;
}
